// !$*UTF8*$!
{
	archiveVersion = 1;
	classes = {
	};
	objectVersion = 46;
	objects = {

/* Begin PBXBuildFile section */
		CCB4E6B11C5E0E410080B7DE /* AppDelegate.swift in Sources */ = {isa = PBXBuildFile; fileRef = CCB4E6B01C5E0E410080B7DE /* AppDelegate.swift */; };
		CCB4E6B31C5E0E410080B7DE /* ViewController.swift in Sources */ = {isa = PBXBuildFile; fileRef = CCB4E6B21C5E0E410080B7DE /* ViewController.swift */; };
		CCB4E6B61C5E0E410080B7DE /* Main.storyboard in Resources */ = {isa = PBXBuildFile; fileRef = CCB4E6B41C5E0E410080B7DE /* Main.storyboard */; };
		CCB4E6B81C5E0E410080B7DE /* Assets.xcassets in Resources */ = {isa = PBXBuildFile; fileRef = CCB4E6B71C5E0E410080B7DE /* Assets.xcassets */; };
		CCB4E6BB1C5E0E410080B7DE /* LaunchScreen.storyboard in Resources */ = {isa = PBXBuildFile; fileRef = CCB4E6B91C5E0E410080B7DE /* LaunchScreen.storyboard */; };
/* End PBXBuildFile section */

/* Begin PBXFileReference section */
		CCB4E6AD1C5E0E410080B7DE /* Auto Layout in Code.app */ = {isa = PBXFileReference; explicitFileType = wrapper.application; includeInIndex = 0; path = "Auto Layout in Code.app"; sourceTree = BUILT_PRODUCTS_DIR; };
		CCB4E6B01C5E0E410080B7DE /* AppDelegate.swift */ = {isa = PBXFileReference; lastKnownFileType = sourcecode.swift; path = AppDelegate.swift; sourceTree = "<group>"; };
		CCB4E6B21C5E0E410080B7DE /* ViewController.swift */ = {isa = PBXFileReference; lastKnownFileType = sourcecode.swift; path = ViewController.swift; sourceTree = "<group>"; };
		CCB4E6B51C5E0E410080B7DE /* Base */ = {isa = PBXFileReference; lastKnownFileType = file.storyboard; name = Base; path = Base.lproj/Main.storyboard; sourceTree = "<group>"; };
		CCB4E6B71C5E0E410080B7DE /* Assets.xcassets */ = {isa = PBXFileReference; lastKnownFileType = folder.assetcatalog; path = Assets.xcassets; sourceTree = "<group>"; };
		CCB4E6BA1C5E0E410080B7DE /* Base */ = {isa = PBXFileReference; lastKnownFileType = file.storyboard; name = Base; path = Base.lproj/LaunchScreen.storyboard; sourceTree = "<group>"; };
		CCB4E6BC1C5E0E410080B7DE /* Info.plist */ = {isa = PBXFileReference; lastKnownFileType = text.plist.xml; path = Info.plist; sourceTree = "<group>"; };
/* End PBXFileReference section */

/* Begin PBXFrameworksBuildPhase section */
		CCB4E6AA1C5E0E410080B7DE /* Frameworks */ = {
			isa = PBXFrameworksBuildPhase;
			buildActionMask = 2147483647;
			files = (
			);
			runOnlyForDeploymentPostprocessing = 0;
		};
/* End PBXFrameworksBuildPhase section */

/* Begin PBXGroup section */
		CCB4E6A41C5E0E410080B7DE = {
			isa = PBXGroup;
			children = (
				CCB4E6AF1C5E0E410080B7DE /* Auto Layout in Code */,
				CCB4E6AE1C5E0E410080B7DE /* Products */,
			);
			sourceTree = "<group>";
		};
		CCB4E6AE1C5E0E410080B7DE /* Products */ = {
			isa = PBXGroup;
			children = (
				CCB4E6AD1C5E0E410080B7DE /* Auto Layout in Code.app */,
			);
			name = Products;
			sourceTree = "<group>";
		};
		CCB4E6AF1C5E0E410080B7DE /* Auto Layout in Code */ = {
			isa = PBXGroup;
			children = (
				CCB4E6B01C5E0E410080B7DE /* AppDelegate.swift */,
				CCB4E6B21C5E0E410080B7DE /* ViewController.swift */,
				CCB4E6B41C5E0E410080B7DE /* Main.storyboard */,
				CCB4E6B71C5E0E410080B7DE /* Assets.xcassets */,
				CCB4E6B91C5E0E410080B7DE /* LaunchScreen.storyboard */,
				CCB4E6BC1C5E0E410080B7DE /* Info.plist */,
			);
			path = "Auto Layout in Code";
			sourceTree = "<group>";
		};
/* End PBXGroup section */

/* Begin PBXNativeTarget section */
		CCB4E6AC1C5E0E410080B7DE /* Auto Layout in Code */ = {
			isa = PBXNativeTarget;
			buildConfigurationList = CCB4E6BF1C5E0E410080B7DE /* Build configuration list for PBXNativeTarget "Auto Layout in Code" */;
			buildPhases = (
				CCB4E6A91C5E0E410080B7DE /* Sources */,
				CCB4E6AA1C5E0E410080B7DE /* Frameworks */,
				CCB4E6AB1C5E0E410080B7DE /* Resources */,
			);
			buildRules = (
			);
			dependencies = (
			);
			name = "Auto Layout in Code";
			productName = "Auto Layout in Code";
			productReference = CCB4E6AD1C5E0E410080B7DE /* Auto Layout in Code.app */;
			productType = "com.apple.product-type.application";
		};
/* End PBXNativeTarget section */

/* Begin PBXProject section */
		CCB4E6A51C5E0E410080B7DE /* Project object */ = {
			isa = PBXProject;
			attributes = {
				LastSwiftUpdateCheck = 0720;
				LastUpgradeCheck = 0720;
				ORGANIZATIONNAME = "Bart Jacobs";
				TargetAttributes = {
					CCB4E6AC1C5E0E410080B7DE = {
						CreatedOnToolsVersion = 7.2;
					};
				};
			};
			buildConfigurationList = CCB4E6A81C5E0E410080B7DE /* Build configuration list for PBXProject "Auto Layout in Code" */;
			compatibilityVersion = "Xcode 3.2";
			developmentRegion = English;
			hasScannedForEncodings = 0;
			knownRegions = (
				en,
				Base,
			);
			mainGroup = CCB4E6A41C5E0E410080B7DE;
			productRefGroup = CCB4E6AE1C5E0E410080B7DE /* Products */;
			projectDirPath = "";
			projectRoot = "";
			targets = (
				CCB4E6AC1C5E0E410080B7DE /* Auto Layout in Code */,
			);
		};
/* End PBXProject section */

/* Begin PBXResourcesBuildPhase section */
		CCB4E6AB1C5E0E410080B7DE /* Resources */ = {
			isa = PBXResourcesBuildPhase;
			buildActionMask = 2147483647;
			files = (
				CCB4E6BB1C5E0E410080B7DE /* LaunchScreen.storyboard in Resources */,
				CCB4E6B81C5E0E410080B7DE /* Assets.xcassets in Resources */,
				CCB4E6B61C5E0E410080B7DE /* Main.storyboard in Resources */,
			);
			runOnlyForDeploymentPostprocessing = 0;
		};
/* End PBXResourcesBuildPhase section */

/* Begin PBXSourcesBuildPhase section */
		CCB4E6A91C5E0E410080B7DE /* Sources */ = {
			isa = PBXSourcesBuildPhase;
			buildActionMask = 2147483647;
			files = (
				CCB4E6B31C5E0E410080B7DE /* ViewController.swift in Sources */,
				CCB4E6B11C5E0E410080B7DE /* AppDelegate.swift in Sources */,
			);
			runOnlyForDeploymentPostprocessing = 0;
		};
/* End PBXSourcesBuildPhase section */

/* Begin PBXVariantGroup section */
		CCB4E6B41C5E0E410080B7DE /* Main.storyboard */ = {
			isa = PBXVariantGroup;
			children = (
				CCB4E6B51C5E0E410080B7DE /* Base */,
			);
			name = Main.storyboard;
			sourceTree = "<group>";
		};
		CCB4E6B91C5E0E410080B7DE /* LaunchScreen.storyboard */ = {
			isa = PBXVariantGroup;
			children = (
				CCB4E6BA1C5E0E410080B7DE /* Base */,
			);
			name = LaunchScreen.storyboard;
			sourceTree = "<group>";
		};
/* End PBXVariantGroup section */

/* Begin XCBuildConfiguration section */
		CCB4E6BD1C5E0E410080B7DE /* Debug */ = {
			isa = XCBuildConfiguration;
			buildSettings = {
				ALWAYS_SEARCH_USER_PATHS = NO;
				CLANG_CXX_LANGUAGE_STANDARD = "gnu++0x";
				CLANG_CXX_LIBRARY = "libc++";
				CLANG_ENABLE_MODULES = YES;
				CLANG_ENABLE_OBJC_ARC = YES;
				CLANG_WARN_BOOL_CONVERSION = YES;
				CLANG_WARN_CONSTANT_CONVERSION = YES;
				CLANG_WARN_DIRECT_OBJC_ISA_USAGE = YES_ERROR;
				CLANG_WARN_EMPTY_BODY = YES;
				CLANG_WARN_ENUM_CONVERSION = YES;
				CLANG_WARN_INT_CONVERSION = YES;
				CLANG_WARN_OBJC_ROOT_CLASS = YES_ERROR;
				CLANG_WARN_UNREACHABLE_CODE = YES;
				CLANG_WARN__DUPLICATE_METHOD_MATCH = YES;
				"CODE_SIGN_IDENTITY[sdk=iphoneos*]" = "iPhone Developer";
				COPY_PHASE_STRIP = NO;
				DEBUG_INFORMATION_FORMAT = dwarf;
				ENABLE_STRICT_OBJC_MSGSEND = YES;
				ENABLE_TESTABILITY = YES;
				GCC_C_LANGUAGE_STANDARD = gnu99;
				GCC_DYNAMIC_NO_PIC = NO;
				GCC_NO_COMMON_BLOCKS = YES;
				GCC_OPTIMIZATION_LEVEL = 0;
				GCC_PREPROCESSOR_DEFINITIONS = (
					"DEBUG=1",
					"$(inherited)",
				);
				GCC_WARN_64_TO_32_BIT_CONVERSION = YES;
				GCC_WARN_ABOUT_RETURN_TYPE = YES_ERROR;
				GCC_WARN_UNDECLARED_SELECTOR = YES;
				GCC_WARN_UNINITIALIZED_AUTOS = YES_AGGRESSIVE;
				GCC_WARN_UNUSED_FUNCTION = YES;
				GCC_WARN_UNUSED_VARIABLE = YES;
				IPHONEOS_DEPLOYMENT_TARGET = 9.2;
				MTL_ENABLE_DEBUG_INFO = YES;
				ONLY_ACTIVE_ARCH = YES;
				SDKROOT = iphoneos;
				SWIFT_OPTIMIZATION_LEVEL = "-Onone";
				TARGETED_DEVICE_FAMILY = "1,2";
			};
			name = Debug;
		};
		CCB4E6BE1C5E0E410080B7DE /* Release */ = {
			isa = XCBuildConfiguration;
			buildSettings = {
				ALWAYS_SEARCH_USER_PATHS = NO;
				CLANG_CXX_LANGUAGE_STANDARD = "gnu++0x";
				CLANG_CXX_LIBRARY = "libc++";
				CLANG_ENABLE_MODULES = YES;
				CLANG_ENABLE_OBJC_ARC = YES;
				CLANG_WARN_BOOL_CONVERSION = YES;
				CLANG_WARN_CONSTANT_CONVERSION = YES;
				CLANG_WARN_DIRECT_OBJC_ISA_USAGE = YES_ERROR;
				CLANG_WARN_EMPTY_BODY = YES;
				CLANG_WARN_ENUM_CONVERSION = YES;
				CLANG_WARN_INT_CONVERSION = YES;
				CLANG_WARN_OBJC_ROOT_CLASS = YES_ERROR;
				CLANG_WARN_UNREACHABLE_CODE = YES;
				CLANG_WARN__DUPLICATE_METHOD_MATCH = YES;
				"CODE_SIGN_IDENTITY[sdk=iphoneos*]" = "iPhone Developer";
				COPY_PHASE_STRIP = NO;
				DEBUG_INFORMATION_FORMAT = "dwarf-with-dsym";
				ENABLE_NS_ASSERTIONS = NO;
				ENABLE_STRICT_OBJC_MSGSEND = YES;
				GCC_C_LANGUAGE_STANDARD = gnu99;
				GCC_NO_COMMON_BLOCKS = YES;
				GCC_WARN_64_TO_32_BIT_CONVERSION = YES;
				GCC_WARN_ABOUT_RETURN_TYPE = YES_ERROR;
				GCC_WARN_UNDECLARED_SELECTOR = YES;
				GCC_WARN_UNINITIALIZED_AUTOS = YES_AGGRESSIVE;
				GCC_WARN_UNUSED_FUNCTION = YES;
				GCC_WARN_UNUSED_VARIABLE = YES;
				IPHONEOS_DEPLOYMENT_TARGET = 9.2;
				MTL_ENABLE_DEBUG_INFO = NO;
				SDKROOT = iphoneos;
				TARGETED_DEVICE_FAMILY = "1,2";
				VALIDATE_PRODUCT = YES;
			};
			name = Release;
		};
		CCB4E6C01C5E0E410080B7DE /* Debug */ = {
			isa = XCBuildConfiguration;
			buildSettings = {
				ASSETCATALOG_COMPILER_APPICON_NAME = AppIcon;
				INFOPLIST_FILE = "Auto Layout in Code/Info.plist";
				LD_RUNPATH_SEARCH_PATHS = "$(inherited) @executable_path/Frameworks";
				PRODUCT_BUNDLE_IDENTIFIER = "com.bartjacobs.Auto-Layout-in-Code";
				PRODUCT_NAME = "$(TARGET_NAME)";
			};
			name = Debug;
		};
		CCB4E6C11C5E0E410080B7DE /* Release */ = {
			isa = XCBuildConfiguration;
			buildSettings = {
				ASSETCATALOG_COMPILER_APPICON_NAME = AppIcon;
				INFOPLIST_FILE = "Auto Layout in Code/Info.plist";
				LD_RUNPATH_SEARCH_PATHS = "$(inherited) @executable_path/Frameworks";
				PRODUCT_BUNDLE_IDENTIFIER = "com.bartjacobs.Auto-Layout-in-Code";
				PRODUCT_NAME = "$(TARGET_NAME)";
			};
			name = Release;
		};
/* End XCBuildConfiguration section */

/* Begin XCConfigurationList section */
		CCB4E6A81C5E0E410080B7DE /* Build configuration list for PBXProject "Auto Layout in Code" */ = {
			isa = XCConfigurationList;
			buildConfigurations = (
				CCB4E6BD1C5E0E410080B7DE /* Debug */,
				CCB4E6BE1C5E0E410080B7DE /* Release */,
			);
			defaultConfigurationIsVisible = 0;
			defaultConfigurationName = Release;
		};
		CCB4E6BF1C5E0E410080B7DE /* Build configuration list for PBXNativeTarget "Auto Layout in Code" */ = {
			isa = XCConfigurationList;
			buildConfigurations = (
				CCB4E6C01C5E0E410080B7DE /* Debug */,
				CCB4E6C11C5E0E410080B7DE /* Release */,
			);
			defaultConfigurationIsVisible = 0;
		};
/* End XCConfigurationList section */
	};
	rootObject = CCB4E6A51C5E0E410080B7DE /* Project object */;
}
